
Microsoft Visual Studio Solution File, Format Version 12.00
# Visual Studio Version 16
VisualStudioVersion = 25.0.1706.3
MinimumVisualStudioVersion = 10.0.40219.1
Project("{FAE04EC0-301F-11D3-BF4B-00C04F79EFBC}") = "VideoNet", "VideoNet\VideoNet.csproj", "{821F5539-CD61-4A04-8BAE-F5952A60D0C1}"
EndProject
Global
	GlobalSection(SolutionConfigurationPlatforms) = preSolution
		Debug|Any CPU = Debug|Any CPU
		Release|Any CPU = Release|Any CPU
	EndGlobalSection
	GlobalSection(ProjectConfigurationPlatforms) = postSolution
		{821F5539-CD61-4A04-8BAE-F5952A60D0C1}.Debug|Any CPU.ActiveCfg = Debug|Any CPU
		{821F5539-CD61-4A04-8BAE-F5952A60D0C1}.Debug|Any CPU.Build.0 = Debug|Any CPU
		{821F5539-CD61-4A04-8BAE-F5952A60D0C1}.Release|Any CPU.ActiveCfg = Release|Any CPU
		{821F5539-CD61-4A04-8BAE-F5952A60D0C1}.Release|Any CPU.Build.0 = Release|Any CPU
	EndGlobalSection
	GlobalSection(SolutionProperties) = preSolution
		HideSolutionNode = FALSE
	EndGlobalSection
	GlobalSection(ExtensibilityGlobals) = postSolution
		SolutionGuid = {17E33F7E-4CC1-4FB2-99B0-7BED4CDB3460}
	EndGlobalSection
EndGlobal
